// !$*UTF8*$!
{
	archiveVersion = 1;
	classes = {
	};
	objectVersion = 50;
	objects = {

/* Begin PBXBuildFile section */
		56177FF824D82D4C00814B65 /* AppDelegate.m in Sources */ = {isa = PBXBuildFile; fileRef = 56177FF724D82D4C00814B65 /* AppDelegate.m */; };
		5617800124D82D4C00814B65 /* Main.storyboard in Resources */ = {isa = PBXBuildFile; fileRef = 56177FFF24D82D4C00814B65 /* Main.storyboard */; };
		5617800424D82D4C00814B65 /* Test.xcdatamodeld in Sources */ = {isa = PBXBuildFile; fileRef = 5617800224D82D4C00814B65 /* Test.xcdatamodeld */; };
		5617800624D82D4D00814B65 /* Assets.xcassets in Resources */ = {isa = PBXBuildFile; fileRef = 5617800524D82D4D00814B65 /* Assets.xcassets */; };
		5617800924D82D4D00814B65 /* LaunchScreen.storyboard in Resources */ = {isa = PBXBuildFile; fileRef = 5617800724D82D4D00814B65 /* LaunchScreen.storyboard */; };
		5617800C24D82D4D00814B65 /* main.m in Sources */ = {isa = PBXBuildFile; fileRef = 5617800B24D82D4D00814B65 /* main.m */; };
		5617801624D82D4E00814B65 /* TestTests.m in Sources */ = {isa = PBXBuildFile; fileRef = 5617801524D82D4E00814B65 /* TestTests.m */; };
		5617802124D82D4E00814B65 /* TestUITests.m in Sources */ = {isa = PBXBuildFile; fileRef = 5617802024D82D4E00814B65 /* TestUITests.m */; };
		5617805C24D82E0600814B65 /* TestViewController.m in Sources */ = {isa = PBXBuildFile; fileRef = 5617805A24D82E0600814B65 /* TestViewController.m */; };
		5625FA2626AED08E0085CCFE /* IQTextView.m in Sources */ = {isa = PBXBuildFile; fileRef = 5625F9ED26AED08D0085CCFE /* IQTextView.m */; };
		5625FA2726AED08E0085CCFE /* IQToolbar.m in Sources */ = {isa = PBXBuildFile; fileRef = 5625F9F126AED08D0085CCFE /* IQToolbar.m */; };
		5625FA2826AED08E0085CCFE /* IQTitleBarButtonItem.m in Sources */ = {isa = PBXBuildFile; fileRef = 5625F9F326AED08D0085CCFE /* IQTitleBarButtonItem.m */; };
		5625FA2926AED08E0085CCFE /* IQBarButtonItem.m in Sources */ = {isa = PBXBuildFile; fileRef = 5625F9F426AED08D0085CCFE /* IQBarButtonItem.m */; };
		5625FA2A26AED08E0085CCFE /* IQUIView+IQKeyboardToolbar.m in Sources */ = {isa = PBXBuildFile; fileRef = 5625F9F526AED08D0085CCFE /* IQUIView+IQKeyboardToolbar.m */; };
		5625FA2B26AED08E0085CCFE /* IQPreviousNextView.m in Sources */ = {isa = PBXBuildFile; fileRef = 5625F9F626AED08D0085CCFE /* IQPreviousNextView.m */; };
		5625FA2C26AED08E0085CCFE /* IQKeyboardManager.m in Sources */ = {isa = PBXBuildFile; fileRef = 5625F9FF26AED08D0085CCFE /* IQKeyboardManager.m */; };
		5625FA2D26AED08E0085CCFE /* IQNSArray+Sort.m in Sources */ = {isa = PBXBuildFile; fileRef = 5625FA0126AED08D0085CCFE /* IQNSArray+Sort.m */; };
		5625FA2E26AED08E0085CCFE /* IQUITextFieldView+Additions.m in Sources */ = {isa = PBXBuildFile; fileRef = 5625FA0326AED08D0085CCFE /* IQUITextFieldView+Additions.m */; };
		5625FA2F26AED08E0085CCFE /* IQUIScrollView+Additions.m in Sources */ = {isa = PBXBuildFile; fileRef = 5625FA0426AED08D0085CCFE /* IQUIScrollView+Additions.m */; };
		5625FA3026AED08E0085CCFE /* IQUIView+Hierarchy.m in Sources */ = {isa = PBXBuildFile; fileRef = 5625FA0526AED08D0085CCFE /* IQUIView+Hierarchy.m */; };
		5625FA3126AED08E0085CCFE /* IQUIViewController+Additions.m in Sources */ = {isa = PBXBuildFile; fileRef = 5625FA0926AED08D0085CCFE /* IQUIViewController+Additions.m */; };
		5625FA3226AED08E0085CCFE /* IQKeyboardReturnKeyHandler.m in Sources */ = {isa = PBXBuildFile; fileRef = 5625FA0B26AED08D0085CCFE /* IQKeyboardReturnKeyHandler.m */; };
		5625FA3326AED08E0085CCFE /* NSLayoutConstraint+MASDebugAdditions.m in Sources */ = {isa = PBXBuildFile; fileRef = 5625FA0E26AED08E0085CCFE /* NSLayoutConstraint+MASDebugAdditions.m */; };
		5625FA3426AED08E0085CCFE /* ViewController+MASAdditions.m in Sources */ = {isa = PBXBuildFile; fileRef = 5625FA1726AED08E0085CCFE /* ViewController+MASAdditions.m */; };
		5625FA3526AED08E0085CCFE /* MASCompositeConstraint.m in Sources */ = {isa = PBXBuildFile; fileRef = 5625FA1B26AED08E0085CCFE /* MASCompositeConstraint.m */; };
		5625FA3626AED08E0085CCFE /* MASConstraintMaker.m in Sources */ = {isa = PBXBuildFile; fileRef = 5625FA1C26AED08E0085CCFE /* MASConstraintMaker.m */; };
		5625FA3726AED08E0085CCFE /* MASLayoutConstraint.m in Sources */ = {isa = PBXBuildFile; fileRef = 5625FA1D26AED08E0085CCFE /* MASLayoutConstraint.m */; };
		5625FA3826AED08E0085CCFE /* NSArray+MASAdditions.m in Sources */ = {isa = PBXBuildFile; fileRef = 5625FA1E26AED08E0085CCFE /* NSArray+MASAdditions.m */; };
		5625FA3926AED08E0085CCFE /* View+MASAdditions.m in Sources */ = {isa = PBXBuildFile; fileRef = 5625FA1F26AED08E0085CCFE /* View+MASAdditions.m */; };
		5625FA3A26AED08E0085CCFE /* MASConstraint.m in Sources */ = {isa = PBXBuildFile; fileRef = 5625FA2226AED08E0085CCFE /* MASConstraint.m */; };
		5625FA3B26AED08E0085CCFE /* MASViewConstraint.m in Sources */ = {isa = PBXBuildFile; fileRef = 5625FA2426AED08E0085CCFE /* MASViewConstraint.m */; };
		5625FA3C26AED08E0085CCFE /* MASViewAttribute.m in Sources */ = {isa = PBXBuildFile; fileRef = 5625FA2526AED08E0085CCFE /* MASViewAttribute.m */; };
		5625FA4126AEE28A0085CCFE /* logo.png in Resources */ = {isa = PBXBuildFile; fileRef = 5625FA4026AEE28A0085CCFE /* logo.png */; };
		56EAD0B326B917D70058E5DE /* FPCustomerSDK.framework in Frameworks */ = {isa = PBXBuildFile; fileRef = 56EAD0B226B917D70058E5DE /* FPCustomerSDK.framework */; };
/* End PBXBuildFile section */

/* Begin PBXContainerItemProxy section */
		5617801224D82D4E00814B65 /* PBXContainerItemProxy */ = {
			isa = PBXContainerItemProxy;
			containerPortal = 56177FEB24D82D4C00814B65 /* Project object */;
			proxyType = 1;
			remoteGlobalIDString = 56177FF224D82D4C00814B65;
			remoteInfo = Test;
		};
		5617801D24D82D4E00814B65 /* PBXContainerItemProxy */ = {
			isa = PBXContainerItemProxy;
			containerPortal = 56177FEB24D82D4C00814B65 /* Project object */;
			proxyType = 1;
			remoteGlobalIDString = 56177FF224D82D4C00814B65;
			remoteInfo = Test;
		};
/* End PBXContainerItemProxy section */

/* Begin PBXFileReference section */
		56177FF324D82D4C00814B65 /* Test.app */ = {isa = PBXFileReference; explicitFileType = wrapper.application; includeInIndex = 0; path = Test.app; sourceTree = BUILT_PRODUCTS_DIR; };
		56177FF624D82D4C00814B65 /* AppDelegate.h */ = {isa = PBXFileReference; lastKnownFileType = sourcecode.c.h; path = AppDelegate.h; sourceTree = "<group>"; };
		56177FF724D82D4C00814B65 /* AppDelegate.m */ = {isa = PBXFileReference; lastKnownFileType = sourcecode.c.objc; path = AppDelegate.m; sourceTree = "<group>"; };
		5617800024D82D4C00814B65 /* Base */ = {isa = PBXFileReference; lastKnownFileType = file.storyboard; name = Base; path = Base.lproj/Main.storyboard; sourceTree = "<group>"; };
		5617800324D82D4C00814B65 /* Test.xcdatamodel */ = {isa = PBXFileReference; lastKnownFileType = wrapper.xcdatamodel; path = Test.xcdatamodel; sourceTree = "<group>"; };
		5617800524D82D4D00814B65 /* Assets.xcassets */ = {isa = PBXFileReference; lastKnownFileType = folder.assetcatalog; path = Assets.xcassets; sourceTree = "<group>"; };
		5617800824D82D4D00814B65 /* Base */ = {isa = PBXFileReference; lastKnownFileType = file.storyboard; name = Base; path = Base.lproj/LaunchScreen.storyboard; sourceTree = "<group>"; };
		5617800A24D82D4D00814B65 /* Info.plist */ = {isa = PBXFileReference; lastKnownFileType = text.plist.xml; path = Info.plist; sourceTree = "<group>"; };
		5617800B24D82D4D00814B65 /* main.m */ = {isa = PBXFileReference; lastKnownFileType = sourcecode.c.objc; path = main.m; sourceTree = "<group>"; };
		5617801124D82D4D00814B65 /* TestTests.xctest */ = {isa = PBXFileReference; explicitFileType = wrapper.cfbundle; includeInIndex = 0; path = TestTests.xctest; sourceTree = BUILT_PRODUCTS_DIR; };
		5617801524D82D4E00814B65 /* TestTests.m */ = {isa = PBXFileReference; lastKnownFileType = sourcecode.c.objc; path = TestTests.m; sourceTree = "<group>"; };
		5617801724D82D4E00814B65 /* Info.plist */ = {isa = PBXFileReference; lastKnownFileType = text.plist.xml; path = Info.plist; sourceTree = "<group>"; };
		5617801C24D82D4E00814B65 /* TestUITests.xctest */ = {isa = PBXFileReference; explicitFileType = wrapper.cfbundle; includeInIndex = 0; path = TestUITests.xctest; sourceTree = BUILT_PRODUCTS_DIR; };
		5617802024D82D4E00814B65 /* TestUITests.m */ = {isa = PBXFileReference; lastKnownFileType = sourcecode.c.objc; path = TestUITests.m; sourceTree = "<group>"; };
		5617802224D82D4E00814B65 /* Info.plist */ = {isa = PBXFileReference; lastKnownFileType = text.plist.xml; path = Info.plist; sourceTree = "<group>"; };
		5617805A24D82E0600814B65 /* TestViewController.m */ = {isa = PBXFileReference; fileEncoding = 4; lastKnownFileType = sourcecode.c.objc; path = TestViewController.m; sourceTree = "<group>"; };
		5617805B24D82E0600814B65 /* TestViewController.h */ = {isa = PBXFileReference; fileEncoding = 4; lastKnownFileType = sourcecode.c.h; path = TestViewController.h; sourceTree = "<group>"; };
		5625F9ED26AED08D0085CCFE /* IQTextView.m */ = {isa = PBXFileReference; fileEncoding = 4; lastKnownFileType = sourcecode.c.objc; path = IQTextView.m; sourceTree = "<group>"; };
		5625F9EE26AED08D0085CCFE /* IQTextView.h */ = {isa = PBXFileReference; fileEncoding = 4; lastKnownFileType = sourcecode.c.h; path = IQTextView.h; sourceTree = "<group>"; };
		5625F9F026AED08D0085CCFE /* IQUIView+IQKeyboardToolbar.h */ = {isa = PBXFileReference; fileEncoding = 4; lastKnownFileType = sourcecode.c.h; path = "IQUIView+IQKeyboardToolbar.h"; sourceTree = "<group>"; };
		5625F9F126AED08D0085CCFE /* IQToolbar.m */ = {isa = PBXFileReference; fileEncoding = 4; lastKnownFileType = sourcecode.c.objc; path = IQToolbar.m; sourceTree = "<group>"; };
		5625F9F226AED08D0085CCFE /* IQPreviousNextView.h */ = {isa = PBXFileReference; fileEncoding = 4; lastKnownFileType = sourcecode.c.h; path = IQPreviousNextView.h; sourceTree = "<group>"; };
		5625F9F326AED08D0085CCFE /* IQTitleBarButtonItem.m */ = {isa = PBXFileReference; fileEncoding = 4; lastKnownFileType = sourcecode.c.objc; path = IQTitleBarButtonItem.m; sourceTree = "<group>"; };
		5625F9F426AED08D0085CCFE /* IQBarButtonItem.m */ = {isa = PBXFileReference; fileEncoding = 4; lastKnownFileType = sourcecode.c.objc; path = IQBarButtonItem.m; sourceTree = "<group>"; };
		5625F9F526AED08D0085CCFE /* IQUIView+IQKeyboardToolbar.m */ = {isa = PBXFileReference; fileEncoding = 4; lastKnownFileType = sourcecode.c.objc; path = "IQUIView+IQKeyboardToolbar.m"; sourceTree = "<group>"; };
		5625F9F626AED08D0085CCFE /* IQPreviousNextView.m */ = {isa = PBXFileReference; fileEncoding = 4; lastKnownFileType = sourcecode.c.objc; path = IQPreviousNextView.m; sourceTree = "<group>"; };
		5625F9F726AED08D0085CCFE /* IQToolbar.h */ = {isa = PBXFileReference; fileEncoding = 4; lastKnownFileType = sourcecode.c.h; path = IQToolbar.h; sourceTree = "<group>"; };
		5625F9F826AED08D0085CCFE /* IQBarButtonItem.h */ = {isa = PBXFileReference; fileEncoding = 4; lastKnownFileType = sourcecode.c.h; path = IQBarButtonItem.h; sourceTree = "<group>"; };
		5625F9F926AED08D0085CCFE /* IQTitleBarButtonItem.h */ = {isa = PBXFileReference; fileEncoding = 4; lastKnownFileType = sourcecode.c.h; path = IQTitleBarButtonItem.h; sourceTree = "<group>"; };
		5625F9FB26AED08D0085CCFE /* IQKeyboardManagerConstantsInternal.h */ = {isa = PBXFileReference; fileEncoding = 4; lastKnownFileType = sourcecode.c.h; path = IQKeyboardManagerConstantsInternal.h; sourceTree = "<group>"; };
		5625F9FC26AED08D0085CCFE /* IQKeyboardManagerConstants.h */ = {isa = PBXFileReference; fileEncoding = 4; lastKnownFileType = sourcecode.c.h; path = IQKeyboardManagerConstants.h; sourceTree = "<group>"; };
		5625F9FD26AED08D0085CCFE /* IQKeyboardReturnKeyHandler.h */ = {isa = PBXFileReference; fileEncoding = 4; lastKnownFileType = sourcecode.c.h; path = IQKeyboardReturnKeyHandler.h; sourceTree = "<group>"; };
		5625F9FE26AED08D0085CCFE /* IQKeyboardManager.h */ = {isa = PBXFileReference; fileEncoding = 4; lastKnownFileType = sourcecode.c.h; path = IQKeyboardManager.h; sourceTree = "<group>"; };
		5625F9FF26AED08D0085CCFE /* IQKeyboardManager.m */ = {isa = PBXFileReference; fileEncoding = 4; lastKnownFileType = sourcecode.c.objc; path = IQKeyboardManager.m; sourceTree = "<group>"; };
		5625FA0126AED08D0085CCFE /* IQNSArray+Sort.m */ = {isa = PBXFileReference; fileEncoding = 4; lastKnownFileType = sourcecode.c.objc; path = "IQNSArray+Sort.m"; sourceTree = "<group>"; };
		5625FA0226AED08D0085CCFE /* IQUIViewController+Additions.h */ = {isa = PBXFileReference; fileEncoding = 4; lastKnownFileType = sourcecode.c.h; path = "IQUIViewController+Additions.h"; sourceTree = "<group>"; };
		5625FA0326AED08D0085CCFE /* IQUITextFieldView+Additions.m */ = {isa = PBXFileReference; fileEncoding = 4; lastKnownFileType = sourcecode.c.objc; path = "IQUITextFieldView+Additions.m"; sourceTree = "<group>"; };
		5625FA0426AED08D0085CCFE /* IQUIScrollView+Additions.m */ = {isa = PBXFileReference; fileEncoding = 4; lastKnownFileType = sourcecode.c.objc; path = "IQUIScrollView+Additions.m"; sourceTree = "<group>"; };
		5625FA0526AED08D0085CCFE /* IQUIView+Hierarchy.m */ = {isa = PBXFileReference; fileEncoding = 4; lastKnownFileType = sourcecode.c.objc; path = "IQUIView+Hierarchy.m"; sourceTree = "<group>"; };
		5625FA0626AED08D0085CCFE /* IQNSArray+Sort.h */ = {isa = PBXFileReference; fileEncoding = 4; lastKnownFileType = sourcecode.c.h; path = "IQNSArray+Sort.h"; sourceTree = "<group>"; };
		5625FA0726AED08D0085CCFE /* IQUIScrollView+Additions.h */ = {isa = PBXFileReference; fileEncoding = 4; lastKnownFileType = sourcecode.c.h; path = "IQUIScrollView+Additions.h"; sourceTree = "<group>"; };
		5625FA0826AED08D0085CCFE /* IQUITextFieldView+Additions.h */ = {isa = PBXFileReference; fileEncoding = 4; lastKnownFileType = sourcecode.c.h; path = "IQUITextFieldView+Additions.h"; sourceTree = "<group>"; };
		5625FA0926AED08D0085CCFE /* IQUIViewController+Additions.m */ = {isa = PBXFileReference; fileEncoding = 4; lastKnownFileType = sourcecode.c.objc; path = "IQUIViewController+Additions.m"; sourceTree = "<group>"; };
		5625FA0A26AED08D0085CCFE /* IQUIView+Hierarchy.h */ = {isa = PBXFileReference; fileEncoding = 4; lastKnownFileType = sourcecode.c.h; path = "IQUIView+Hierarchy.h"; sourceTree = "<group>"; };
		5625FA0B26AED08D0085CCFE /* IQKeyboardReturnKeyHandler.m */ = {isa = PBXFileReference; fileEncoding = 4; lastKnownFileType = sourcecode.c.objc; path = IQKeyboardReturnKeyHandler.m; sourceTree = "<group>"; };
		5625FA0D26AED08E0085CCFE /* MASCompositeConstraint.h */ = {isa = PBXFileReference; fileEncoding = 4; lastKnownFileType = sourcecode.c.h; path = MASCompositeConstraint.h; sourceTree = "<group>"; };
		5625FA0E26AED08E0085CCFE /* NSLayoutConstraint+MASDebugAdditions.m */ = {isa = PBXFileReference; fileEncoding = 4; lastKnownFileType = sourcecode.c.objc; path = "NSLayoutConstraint+MASDebugAdditions.m"; sourceTree = "<group>"; };
		5625FA0F26AED08E0085CCFE /* MASConstraint+Private.h */ = {isa = PBXFileReference; fileEncoding = 4; lastKnownFileType = sourcecode.c.h; path = "MASConstraint+Private.h"; sourceTree = "<group>"; };
		5625FA1026AED08E0085CCFE /* MASLayoutConstraint.h */ = {isa = PBXFileReference; fileEncoding = 4; lastKnownFileType = sourcecode.c.h; path = MASLayoutConstraint.h; sourceTree = "<group>"; };
		5625FA1126AED08E0085CCFE /* NSArray+MASShorthandAdditions.h */ = {isa = PBXFileReference; fileEncoding = 4; lastKnownFileType = sourcecode.c.h; path = "NSArray+MASShorthandAdditions.h"; sourceTree = "<group>"; };
		5625FA1226AED08E0085CCFE /* MASConstraintMaker.h */ = {isa = PBXFileReference; fileEncoding = 4; lastKnownFileType = sourcecode.c.h; path = MASConstraintMaker.h; sourceTree = "<group>"; };
		5625FA1326AED08E0085CCFE /* View+MASAdditions.h */ = {isa = PBXFileReference; fileEncoding = 4; lastKnownFileType = sourcecode.c.h; path = "View+MASAdditions.h"; sourceTree = "<group>"; };
		5625FA1426AED08E0085CCFE /* NSArray+MASAdditions.h */ = {isa = PBXFileReference; fileEncoding = 4; lastKnownFileType = sourcecode.c.h; path = "NSArray+MASAdditions.h"; sourceTree = "<group>"; };
		5625FA1526AED08E0085CCFE /* MASUtilities.h */ = {isa = PBXFileReference; fileEncoding = 4; lastKnownFileType = sourcecode.c.h; path = MASUtilities.h; sourceTree = "<group>"; };
		5625FA1626AED08E0085CCFE /* MASViewAttribute.h */ = {isa = PBXFileReference; fileEncoding = 4; lastKnownFileType = sourcecode.c.h; path = MASViewAttribute.h; sourceTree = "<group>"; };
		5625FA1726AED08E0085CCFE /* ViewController+MASAdditions.m */ = {isa = PBXFileReference; fileEncoding = 4; lastKnownFileType = sourcecode.c.objc; path = "ViewController+MASAdditions.m"; sourceTree = "<group>"; };
		5625FA1826AED08E0085CCFE /* MASViewConstraint.h */ = {isa = PBXFileReference; fileEncoding = 4; lastKnownFileType = sourcecode.c.h; path = MASViewConstraint.h; sourceTree = "<group>"; };
		5625FA1926AED08E0085CCFE /* MASConstraint.h */ = {isa = PBXFileReference; fileEncoding = 4; lastKnownFileType = sourcecode.c.h; path = MASConstraint.h; sourceTree = "<group>"; };
		5625FA1A26AED08E0085CCFE /* NSLayoutConstraint+MASDebugAdditions.h */ = {isa = PBXFileReference; fileEncoding = 4; lastKnownFileType = sourcecode.c.h; path = "NSLayoutConstraint+MASDebugAdditions.h"; sourceTree = "<group>"; };
		5625FA1B26AED08E0085CCFE /* MASCompositeConstraint.m */ = {isa = PBXFileReference; fileEncoding = 4; lastKnownFileType = sourcecode.c.objc; path = MASCompositeConstraint.m; sourceTree = "<group>"; };
		5625FA1C26AED08E0085CCFE /* MASConstraintMaker.m */ = {isa = PBXFileReference; fileEncoding = 4; lastKnownFileType = sourcecode.c.objc; path = MASConstraintMaker.m; sourceTree = "<group>"; };
		5625FA1D26AED08E0085CCFE /* MASLayoutConstraint.m */ = {isa = PBXFileReference; fileEncoding = 4; lastKnownFileType = sourcecode.c.objc; path = MASLayoutConstraint.m; sourceTree = "<group>"; };
		5625FA1E26AED08E0085CCFE /* NSArray+MASAdditions.m */ = {isa = PBXFileReference; fileEncoding = 4; lastKnownFileType = sourcecode.c.objc; path = "NSArray+MASAdditions.m"; sourceTree = "<group>"; };
		5625FA1F26AED08E0085CCFE /* View+MASAdditions.m */ = {isa = PBXFileReference; fileEncoding = 4; lastKnownFileType = sourcecode.c.objc; path = "View+MASAdditions.m"; sourceTree = "<group>"; };
		5625FA2026AED08E0085CCFE /* View+MASShorthandAdditions.h */ = {isa = PBXFileReference; fileEncoding = 4; lastKnownFileType = sourcecode.c.h; path = "View+MASShorthandAdditions.h"; sourceTree = "<group>"; };
		5625FA2126AED08E0085CCFE /* Masonry.h */ = {isa = PBXFileReference; fileEncoding = 4; lastKnownFileType = sourcecode.c.h; path = Masonry.h; sourceTree = "<group>"; };
		5625FA2226AED08E0085CCFE /* MASConstraint.m */ = {isa = PBXFileReference; fileEncoding = 4; lastKnownFileType = sourcecode.c.objc; path = MASConstraint.m; sourceTree = "<group>"; };
		5625FA2326AED08E0085CCFE /* ViewController+MASAdditions.h */ = {isa = PBXFileReference; fileEncoding = 4; lastKnownFileType = sourcecode.c.h; path = "ViewController+MASAdditions.h"; sourceTree = "<group>"; };
		5625FA2426AED08E0085CCFE /* MASViewConstraint.m */ = {isa = PBXFileReference; fileEncoding = 4; lastKnownFileType = sourcecode.c.objc; path = MASViewConstraint.m; sourceTree = "<group>"; };
		5625FA2526AED08E0085CCFE /* MASViewAttribute.m */ = {isa = PBXFileReference; fileEncoding = 4; lastKnownFileType = sourcecode.c.objc; path = MASViewAttribute.m; sourceTree = "<group>"; };
		5625FA4026AEE28A0085CCFE /* logo.png */ = {isa = PBXFileReference; lastKnownFileType = image.png; path = logo.png; sourceTree = "<group>"; };
		56EAD0B226B917D70058E5DE /* FPCustomerSDK.framework */ = {isa = PBXFileReference; lastKnownFileType = wrapper.framework; path = FPCustomerSDK.framework; sourceTree = "<group>"; };
/* End PBXFileReference section */

/* Begin PBXFrameworksBuildPhase section */
		56177FF024D82D4C00814B65 /* Frameworks */ = {
			isa = PBXFrameworksBuildPhase;
			buildActionMask = 2147483647;
			files = (
				56EAD0B326B917D70058E5DE /* FPCustomerSDK.framework in Frameworks */,
			);
			runOnlyForDeploymentPostprocessing = 0;
		};
		5617800E24D82D4D00814B65 /* Frameworks */ = {
			isa = PBXFrameworksBuildPhase;
			buildActionMask = 2147483647;
			files = (
			);
			runOnlyForDeploymentPostprocessing = 0;
		};
		5617801924D82D4E00814B65 /* Frameworks */ = {
			isa = PBXFrameworksBuildPhase;
			buildActionMask = 2147483647;
			files = (
			);
			runOnlyForDeploymentPostprocessing = 0;
		};
/* End PBXFrameworksBuildPhase section */

/* Begin PBXGroup section */
		56177FEA24D82D4C00814B65 = {
			isa = PBXGroup;
			children = (
				56EAD0B226B917D70058E5DE /* FPCustomerSDK.framework */,
				56177FF524D82D4C00814B65 /* Test */,
				5617801424D82D4E00814B65 /* TestTests */,
				5617801F24D82D4E00814B65 /* TestUITests */,
				56177FF424D82D4C00814B65 /* Products */,
			);
			sourceTree = "<group>";
		};
		56177FF424D82D4C00814B65 /* Products */ = {
			isa = PBXGroup;
			children = (
				56177FF324D82D4C00814B65 /* Test.app */,
				5617801124D82D4D00814B65 /* TestTests.xctest */,
				5617801C24D82D4E00814B65 /* TestUITests.xctest */,
			);
			name = Products;
			sourceTree = "<group>";
		};
		56177FF524D82D4C00814B65 /* Test */ = {
			isa = PBXGroup;
			children = (
				5625F9EB26AED08D0085CCFE /* IQKeyboardManager */,
				5625FA0C26AED08E0085CCFE /* Masonry */,
				56177FF624D82D4C00814B65 /* AppDelegate.h */,
				56177FF724D82D4C00814B65 /* AppDelegate.m */,
				5625FA4026AEE28A0085CCFE /* logo.png */,
				5617805B24D82E0600814B65 /* TestViewController.h */,
				5617805A24D82E0600814B65 /* TestViewController.m */,
				56177FFF24D82D4C00814B65 /* Main.storyboard */,
				5617800524D82D4D00814B65 /* Assets.xcassets */,
				5617800724D82D4D00814B65 /* LaunchScreen.storyboard */,
				5617800A24D82D4D00814B65 /* Info.plist */,
				5617800B24D82D4D00814B65 /* main.m */,
				5617800224D82D4C00814B65 /* Test.xcdatamodeld */,
			);
			path = Test;
			sourceTree = "<group>";
		};
		5617801424D82D4E00814B65 /* TestTests */ = {
			isa = PBXGroup;
			children = (
				5617801524D82D4E00814B65 /* TestTests.m */,
				5617801724D82D4E00814B65 /* Info.plist */,
			);
			path = TestTests;
			sourceTree = "<group>";
		};
		5617801F24D82D4E00814B65 /* TestUITests */ = {
			isa = PBXGroup;
			children = (
				5617802024D82D4E00814B65 /* TestUITests.m */,
				5617802224D82D4E00814B65 /* Info.plist */,
			);
			path = TestUITests;
			sourceTree = "<group>";
		};
		5625F9EB26AED08D0085CCFE /* IQKeyboardManager */ = {
			isa = PBXGroup;
			children = (
				5625F9EC26AED08D0085CCFE /* IQTextView */,
				5625F9EF26AED08D0085CCFE /* IQToolbar */,
				5625F9FA26AED08D0085CCFE /* Constants */,
				5625F9FD26AED08D0085CCFE /* IQKeyboardReturnKeyHandler.h */,
				5625F9FE26AED08D0085CCFE /* IQKeyboardManager.h */,
				5625F9FF26AED08D0085CCFE /* IQKeyboardManager.m */,
				5625FA0026AED08D0085CCFE /* Categories */,
				5625FA0B26AED08D0085CCFE /* IQKeyboardReturnKeyHandler.m */,
			);
			path = IQKeyboardManager;
			sourceTree = "<group>";
		};
		5625F9EC26AED08D0085CCFE /* IQTextView */ = {
			isa = PBXGroup;
			children = (
				5625F9ED26AED08D0085CCFE /* IQTextView.m */,
				5625F9EE26AED08D0085CCFE /* IQTextView.h */,
			);
			path = IQTextView;
			sourceTree = "<group>";
		};
		5625F9EF26AED08D0085CCFE /* IQToolbar */ = {
			isa = PBXGroup;
			children = (
				5625F9F026AED08D0085CCFE /* IQUIView+IQKeyboardToolbar.h */,
				5625F9F126AED08D0085CCFE /* IQToolbar.m */,
				5625F9F226AED08D0085CCFE /* IQPreviousNextView.h */,
				5625F9F326AED08D0085CCFE /* IQTitleBarButtonItem.m */,
				5625F9F426AED08D0085CCFE /* IQBarButtonItem.m */,
				5625F9F526AED08D0085CCFE /* IQUIView+IQKeyboardToolbar.m */,
				5625F9F626AED08D0085CCFE /* IQPreviousNextView.m */,
				5625F9F726AED08D0085CCFE /* IQToolbar.h */,
				5625F9F826AED08D0085CCFE /* IQBarButtonItem.h */,
				5625F9F926AED08D0085CCFE /* IQTitleBarButtonItem.h */,
			);
			path = IQToolbar;
			sourceTree = "<group>";
		};
		5625F9FA26AED08D0085CCFE /* Constants */ = {
			isa = PBXGroup;
			children = (
				5625F9FB26AED08D0085CCFE /* IQKeyboardManagerConstantsInternal.h */,
				5625F9FC26AED08D0085CCFE /* IQKeyboardManagerConstants.h */,
			);
			path = Constants;
			sourceTree = "<group>";
		};
		5625FA0026AED08D0085CCFE /* Categories */ = {
			isa = PBXGroup;
			children = (
				5625FA0126AED08D0085CCFE /* IQNSArray+Sort.m */,
				5625FA0226AED08D0085CCFE /* IQUIViewController+Additions.h */,
				5625FA0326AED08D0085CCFE /* IQUITextFieldView+Additions.m */,
				5625FA0426AED08D0085CCFE /* IQUIScrollView+Additions.m */,
				5625FA0526AED08D0085CCFE /* IQUIView+Hierarchy.m */,
				5625FA0626AED08D0085CCFE /* IQNSArray+Sort.h */,
				5625FA0726AED08D0085CCFE /* IQUIScrollView+Additions.h */,
				5625FA0826AED08D0085CCFE /* IQUITextFieldView+Additions.h */,
				5625FA0926AED08D0085CCFE /* IQUIViewController+Additions.m */,
				5625FA0A26AED08D0085CCFE /* IQUIView+Hierarchy.h */,
			);
			path = Categories;
			sourceTree = "<group>";
		};
		5625FA0C26AED08E0085CCFE /* Masonry */ = {
			isa = PBXGroup;
			children = (
				5625FA0D26AED08E0085CCFE /* MASCompositeConstraint.h */,
				5625FA0E26AED08E0085CCFE /* NSLayoutConstraint+MASDebugAdditions.m */,
				5625FA0F26AED08E0085CCFE /* MASConstraint+Private.h */,
				5625FA1026AED08E0085CCFE /* MASLayoutConstraint.h */,
				5625FA1126AED08E0085CCFE /* NSArray+MASShorthandAdditions.h */,
				5625FA1226AED08E0085CCFE /* MASConstraintMaker.h */,
				5625FA1326AED08E0085CCFE /* View+MASAdditions.h */,
				5625FA1426AED08E0085CCFE /* NSArray+MASAdditions.h */,
				5625FA1526AED08E0085CCFE /* MASUtilities.h */,
				5625FA1626AED08E0085CCFE /* MASViewAttribute.h */,
				5625FA1726AED08E0085CCFE /* ViewController+MASAdditions.m */,
				5625FA1826AED08E0085CCFE /* MASViewConstraint.h */,
				5625FA1926AED08E0085CCFE /* MASConstraint.h */,
				5625FA1A26AED08E0085CCFE /* NSLayoutConstraint+MASDebugAdditions.h */,
				5625FA1B26AED08E0085CCFE /* MASCompositeConstraint.m */,
				5625FA1C26AED08E0085CCFE /* MASConstraintMaker.m */,
				5625FA1D26AED08E0085CCFE /* MASLayoutConstraint.m */,
				5625FA1E26AED08E0085CCFE /* NSArray+MASAdditions.m */,
				5625FA1F26AED08E0085CCFE /* View+MASAdditions.m */,
				5625FA2026AED08E0085CCFE /* View+MASShorthandAdditions.h */,
				5625FA2126AED08E0085CCFE /* Masonry.h */,
				5625FA2226AED08E0085CCFE /* MASConstraint.m */,
				5625FA2326AED08E0085CCFE /* ViewController+MASAdditions.h */,
				5625FA2426AED08E0085CCFE /* MASViewConstraint.m */,
				5625FA2526AED08E0085CCFE /* MASViewAttribute.m */,
			);
			path = Masonry;
			sourceTree = "<group>";
		};
/* End PBXGroup section */

/* Begin PBXNativeTarget section */
		56177FF224D82D4C00814B65 /* Test */ = {
			isa = PBXNativeTarget;
			buildConfigurationList = 5617802524D82D4E00814B65 /* Build configuration list for PBXNativeTarget "Test" */;
			buildPhases = (
				56177FEF24D82D4C00814B65 /* Sources */,
				56177FF024D82D4C00814B65 /* Frameworks */,
				56177FF124D82D4C00814B65 /* Resources */,
			);
			buildRules = (
			);
			dependencies = (
			);
			name = Test;
			productName = Test;
			productReference = 56177FF324D82D4C00814B65 /* Test.app */;
			productType = "com.apple.product-type.application";
		};
		5617801024D82D4D00814B65 /* TestTests */ = {
			isa = PBXNativeTarget;
			buildConfigurationList = 5617802824D82D4E00814B65 /* Build configuration list for PBXNativeTarget "TestTests" */;
			buildPhases = (
				5617800D24D82D4D00814B65 /* Sources */,
				5617800E24D82D4D00814B65 /* Frameworks */,
				5617800F24D82D4D00814B65 /* Resources */,
			);
			buildRules = (
			);
			dependencies = (
				5617801324D82D4E00814B65 /* PBXTargetDependency */,
			);
			name = TestTests;
			productName = TestTests;
			productReference = 5617801124D82D4D00814B65 /* TestTests.xctest */;
			productType = "com.apple.product-type.bundle.unit-test";
		};
		5617801B24D82D4E00814B65 /* TestUITests */ = {
			isa = PBXNativeTarget;
			buildConfigurationList = 5617802B24D82D4E00814B65 /* Build configuration list for PBXNativeTarget "TestUITests" */;
			buildPhases = (
				5617801824D82D4E00814B65 /* Sources */,
				5617801924D82D4E00814B65 /* Frameworks */,
				5617801A24D82D4E00814B65 /* Resources */,
			);
			buildRules = (
			);
			dependencies = (
				5617801E24D82D4E00814B65 /* PBXTargetDependency */,
			);
			name = TestUITests;
			productName = TestUITests;
			productReference = 5617801C24D82D4E00814B65 /* TestUITests.xctest */;
			productType = "com.apple.product-type.bundle.ui-testing";
		};
/* End PBXNativeTarget section */

/* Begin PBXProject section */
		56177FEB24D82D4C00814B65 /* Project object */ = {
			isa = PBXProject;
			attributes = {
				LastUpgradeCheck = 1150;
				ORGANIZATIONNAME = FunPlus;
				TargetAttributes = {
					56177FF224D82D4C00814B65 = {
						CreatedOnToolsVersion = 11.5;
					};
					5617801024D82D4D00814B65 = {
						CreatedOnToolsVersion = 11.5;
						TestTargetID = 56177FF224D82D4C00814B65;
					};
					5617801B24D82D4E00814B65 = {
						CreatedOnToolsVersion = 11.5;
						TestTargetID = 56177FF224D82D4C00814B65;
					};
				};
			};
			buildConfigurationList = 56177FEE24D82D4C00814B65 /* Build configuration list for PBXProject "Test" */;
			compatibilityVersion = "Xcode 9.3";
			developmentRegion = en;
			hasScannedForEncodings = 0;
			knownRegions = (
				en,
				Base,
			);
			mainGroup = 56177FEA24D82D4C00814B65;
			productRefGroup = 56177FF424D82D4C00814B65 /* Products */;
			projectDirPath = "";
			projectRoot = "";
			targets = (
				56177FF224D82D4C00814B65 /* Test */,
				5617801024D82D4D00814B65 /* TestTests */,
				5617801B24D82D4E00814B65 /* TestUITests */,
			);
		};
/* End PBXProject section */

/* Begin PBXResourcesBuildPhase section */
		56177FF124D82D4C00814B65 /* Resources */ = {
			isa = PBXResourcesBuildPhase;
			buildActionMask = 2147483647;
			files = (
				5617800924D82D4D00814B65 /* LaunchScreen.storyboard in Resources */,
				5625FA4126AEE28A0085CCFE /* logo.png in Resources */,
				5617800624D82D4D00814B65 /* Assets.xcassets in Resources */,
				5617800124D82D4C00814B65 /* Main.storyboard in Resources */,
			);
			runOnlyForDeploymentPostprocessing = 0;
		};
		5617800F24D82D4D00814B65 /* Resources */ = {
			isa = PBXResourcesBuildPhase;
			buildActionMask = 2147483647;
			files = (
			);
			runOnlyForDeploymentPostprocessing = 0;
		};
		5617801A24D82D4E00814B65 /* Resources */ = {
			isa = PBXResourcesBuildPhase;
			buildActionMask = 2147483647;
			files = (
			);
			runOnlyForDeploymentPostprocessing = 0;
		};
/* End PBXResourcesBuildPhase section */

/* Begin PBXSourcesBuildPhase section */
		56177FEF24D82D4C00814B65 /* Sources */ = {
			isa = PBXSourcesBuildPhase;
			buildActionMask = 2147483647;
			files = (
				5625FA2D26AED08E0085CCFE /* IQNSArray+Sort.m in Sources */,
				5617800C24D82D4D00814B65 /* main.m in Sources */,
				5625FA2826AED08E0085CCFE /* IQTitleBarButtonItem.m in Sources */,
				5625FA2E26AED08E0085CCFE /* IQUITextFieldView+Additions.m in Sources */,
				5625FA3526AED08E0085CCFE /* MASCompositeConstraint.m in Sources */,
				5625FA3026AED08E0085CCFE /* IQUIView+Hierarchy.m in Sources */,
				5617800424D82D4C00814B65 /* Test.xcdatamodeld in Sources */,
				56177FF824D82D4C00814B65 /* AppDelegate.m in Sources */,
				5625FA3226AED08E0085CCFE /* IQKeyboardReturnKeyHandler.m in Sources */,
				5625FA3A26AED08E0085CCFE /* MASConstraint.m in Sources */,
				5625FA2C26AED08E0085CCFE /* IQKeyboardManager.m in Sources */,
				5625FA2626AED08E0085CCFE /* IQTextView.m in Sources */,
				5625FA3426AED08E0085CCFE /* ViewController+MASAdditions.m in Sources */,
				5625FA3B26AED08E0085CCFE /* MASViewConstraint.m in Sources */,
				5625FA3C26AED08E0085CCFE /* MASViewAttribute.m in Sources */,
				5617805C24D82E0600814B65 /* TestViewController.m in Sources */,
				5625FA3326AED08E0085CCFE /* NSLayoutConstraint+MASDebugAdditions.m in Sources */,
				5625FA3626AED08E0085CCFE /* MASConstraintMaker.m in Sources */,
				5625FA3126AED08E0085CCFE /* IQUIViewController+Additions.m in Sources */,
				5625FA2F26AED08E0085CCFE /* IQUIScrollView+Additions.m in Sources */,
				5625FA2926AED08E0085CCFE /* IQBarButtonItem.m in Sources */,
				5625FA3826AED08E0085CCFE /* NSArray+MASAdditions.m in Sources */,
				5625FA3726AED08E0085CCFE /* MASLayoutConstraint.m in Sources */,
				5625FA3926AED08E0085CCFE /* View+MASAdditions.m in Sources */,
				5625FA2A26AED08E0085CCFE /* IQUIView+IQKeyboardToolbar.m in Sources */,
				5625FA2B26AED08E0085CCFE /* IQPreviousNextView.m in Sources */,
				5625FA2726AED08E0085CCFE /* IQToolbar.m in Sources */,
			);
			runOnlyForDeploymentPostprocessing = 0;
		};
		5617800D24D82D4D00814B65 /* Sources */ = {
			isa = PBXSourcesBuildPhase;
			buildActionMask = 2147483647;
			files = (
				5617801624D82D4E00814B65 /* TestTests.m in Sources */,
			);
			runOnlyForDeploymentPostprocessing = 0;
		};
		5617801824D82D4E00814B65 /* Sources */ = {
			isa = PBXSourcesBuildPhase;
			buildActionMask = 2147483647;
			files = (
				5617802124D82D4E00814B65 /* TestUITests.m in Sources */,
			);
			runOnlyForDeploymentPostprocessing = 0;
		};
/* End PBXSourcesBuildPhase section */

/* Begin PBXTargetDependency section */
		5617801324D82D4E00814B65 /* PBXTargetDependency */ = {
			isa = PBXTargetDependency;
			target = 56177FF224D82D4C00814B65 /* Test */;
			targetProxy = 5617801224D82D4E00814B65 /* PBXContainerItemProxy */;
		};
		5617801E24D82D4E00814B65 /* PBXTargetDependency */ = {
			isa = PBXTargetDependency;
			target = 56177FF224D82D4C00814B65 /* Test */;
			targetProxy = 5617801D24D82D4E00814B65 /* PBXContainerItemProxy */;
		};
/* End PBXTargetDependency section */

/* Begin PBXVariantGroup section */
		56177FFF24D82D4C00814B65 /* Main.storyboard */ = {
			isa = PBXVariantGroup;
			children = (
				5617800024D82D4C00814B65 /* Base */,
			);
			name = Main.storyboard;
			sourceTree = "<group>";
		};
		5617800724D82D4D00814B65 /* LaunchScreen.storyboard */ = {
			isa = PBXVariantGroup;
			children = (
				5617800824D82D4D00814B65 /* Base */,
			);
			name = LaunchScreen.storyboard;
			sourceTree = "<group>";
		};
/* End PBXVariantGroup section */

/* Begin XCBuildConfiguration section */
		5617802324D82D4E00814B65 /* Debug */ = {
			isa = XCBuildConfiguration;
			buildSettings = {
				ALWAYS_SEARCH_USER_PATHS = NO;
				CLANG_ANALYZER_NONNULL = YES;
				CLANG_ANALYZER_NUMBER_OBJECT_CONVERSION = YES_AGGRESSIVE;
				CLANG_CXX_LANGUAGE_STANDARD = "gnu++14";
				CLANG_CXX_LIBRARY = "libc++";
				CLANG_ENABLE_MODULES = YES;
				CLANG_ENABLE_OBJC_ARC = YES;
				CLANG_ENABLE_OBJC_WEAK = YES;
				CLANG_WARN_BLOCK_CAPTURE_AUTORELEASING = YES;
				CLANG_WARN_BOOL_CONVERSION = YES;
				CLANG_WARN_COMMA = YES;
				CLANG_WARN_CONSTANT_CONVERSION = YES;
				CLANG_WARN_DEPRECATED_OBJC_IMPLEMENTATIONS = YES;
				CLANG_WARN_DIRECT_OBJC_ISA_USAGE = YES_ERROR;
				CLANG_WARN_DOCUMENTATION_COMMENTS = YES;
				CLANG_WARN_EMPTY_BODY = YES;
				CLANG_WARN_ENUM_CONVERSION = YES;
				CLANG_WARN_INFINITE_RECURSION = YES;
				CLANG_WARN_INT_CONVERSION = YES;
				CLANG_WARN_NON_LITERAL_NULL_CONVERSION = YES;
				CLANG_WARN_OBJC_IMPLICIT_RETAIN_SELF = YES;
				CLANG_WARN_OBJC_LITERAL_CONVERSION = YES;
				CLANG_WARN_OBJC_ROOT_CLASS = YES_ERROR;
				CLANG_WARN_RANGE_LOOP_ANALYSIS = YES;
				CLANG_WARN_STRICT_PROTOTYPES = YES;
				CLANG_WARN_SUSPICIOUS_MOVE = YES;
				CLANG_WARN_UNGUARDED_AVAILABILITY = YES_AGGRESSIVE;
				CLANG_WARN_UNREACHABLE_CODE = YES;
				CLANG_WARN__DUPLICATE_METHOD_MATCH = YES;
				COPY_PHASE_STRIP = NO;
				DEBUG_INFORMATION_FORMAT = dwarf;
				ENABLE_STRICT_OBJC_MSGSEND = YES;
				ENABLE_TESTABILITY = YES;
				GCC_C_LANGUAGE_STANDARD = gnu11;
				GCC_DYNAMIC_NO_PIC = NO;
				GCC_NO_COMMON_BLOCKS = YES;
				GCC_OPTIMIZATION_LEVEL = 0;
				GCC_PREPROCESSOR_DEFINITIONS = (
					"DEBUG=1",
					"$(inherited)",
				);
				GCC_WARN_64_TO_32_BIT_CONVERSION = YES;
				GCC_WARN_ABOUT_RETURN_TYPE = YES_ERROR;
				GCC_WARN_UNDECLARED_SELECTOR = YES;
				GCC_WARN_UNINITIALIZED_AUTOS = YES_AGGRESSIVE;
				GCC_WARN_UNUSED_FUNCTION = YES;
				GCC_WARN_UNUSED_VARIABLE = YES;
				IPHONEOS_DEPLOYMENT_TARGET = 13.5;
				MTL_ENABLE_DEBUG_INFO = INCLUDE_SOURCE;
				MTL_FAST_MATH = YES;
				ONLY_ACTIVE_ARCH = YES;
				SDKROOT = iphoneos;
			};
			name = Debug;
		};
		5617802424D82D4E00814B65 /* Release */ = {
			isa = XCBuildConfiguration;
			buildSettings = {
				ALWAYS_SEARCH_USER_PATHS = NO;
				CLANG_ANALYZER_NONNULL = YES;
				CLANG_ANALYZER_NUMBER_OBJECT_CONVERSION = YES_AGGRESSIVE;
				CLANG_CXX_LANGUAGE_STANDARD = "gnu++14";
				CLANG_CXX_LIBRARY = "libc++";
				CLANG_ENABLE_MODULES = YES;
				CLANG_ENABLE_OBJC_ARC = YES;
				CLANG_ENABLE_OBJC_WEAK = YES;
				CLANG_WARN_BLOCK_CAPTURE_AUTORELEASING = YES;
				CLANG_WARN_BOOL_CONVERSION = YES;
				CLANG_WARN_COMMA = YES;
				CLANG_WARN_CONSTANT_CONVERSION = YES;
				CLANG_WARN_DEPRECATED_OBJC_IMPLEMENTATIONS = YES;
				CLANG_WARN_DIRECT_OBJC_ISA_USAGE = YES_ERROR;
				CLANG_WARN_DOCUMENTATION_COMMENTS = YES;
				CLANG_WARN_EMPTY_BODY = YES;
				CLANG_WARN_ENUM_CONVERSION = YES;
				CLANG_WARN_INFINITE_RECURSION = YES;
				CLANG_WARN_INT_CONVERSION = YES;
				CLANG_WARN_NON_LITERAL_NULL_CONVERSION = YES;
				CLANG_WARN_OBJC_IMPLICIT_RETAIN_SELF = YES;
				CLANG_WARN_OBJC_LITERAL_CONVERSION = YES;
				CLANG_WARN_OBJC_ROOT_CLASS = YES_ERROR;
				CLANG_WARN_RANGE_LOOP_ANALYSIS = YES;
				CLANG_WARN_STRICT_PROTOTYPES = YES;
				CLANG_WARN_SUSPICIOUS_MOVE = YES;
				CLANG_WARN_UNGUARDED_AVAILABILITY = YES_AGGRESSIVE;
				CLANG_WARN_UNREACHABLE_CODE = YES;
				CLANG_WARN__DUPLICATE_METHOD_MATCH = YES;
				COPY_PHASE_STRIP = NO;
				DEBUG_INFORMATION_FORMAT = "dwarf-with-dsym";
				ENABLE_NS_ASSERTIONS = NO;
				ENABLE_STRICT_OBJC_MSGSEND = YES;
				GCC_C_LANGUAGE_STANDARD = gnu11;
				GCC_NO_COMMON_BLOCKS = YES;
				GCC_WARN_64_TO_32_BIT_CONVERSION = YES;
				GCC_WARN_ABOUT_RETURN_TYPE = YES_ERROR;
				GCC_WARN_UNDECLARED_SELECTOR = YES;
				GCC_WARN_UNINITIALIZED_AUTOS = YES_AGGRESSIVE;
				GCC_WARN_UNUSED_FUNCTION = YES;
				GCC_WARN_UNUSED_VARIABLE = YES;
				IPHONEOS_DEPLOYMENT_TARGET = 13.5;
				MTL_ENABLE_DEBUG_INFO = NO;
				MTL_FAST_MATH = YES;
				SDKROOT = iphoneos;
				VALIDATE_PRODUCT = YES;
			};
			name = Release;
		};
		5617802624D82D4E00814B65 /* Debug */ = {
			isa = XCBuildConfiguration;
			buildSettings = {
				ASSETCATALOG_COMPILER_APPICON_NAME = AppIcon;
				CODE_SIGN_STYLE = Automatic;
				DEVELOPMENT_TEAM = 85Q2285229;
				FRAMEWORK_SEARCH_PATHS = (
					"$(inherited)",
					"$(PROJECT_DIR)",
				);
				INFOPLIST_FILE = Test/Info.plist;
				IPHONEOS_DEPLOYMENT_TARGET = 10.0;
				LD_RUNPATH_SEARCH_PATHS = (
					"$(inherited)",
					"@executable_path/Frameworks",
				);
				ONLY_ACTIVE_ARCH = NO;
				PRODUCT_BUNDLE_IDENTIFIER = FunPlus.Test;
				PRODUCT_NAME = "$(TARGET_NAME)";
				TARGETED_DEVICE_FAMILY = "1,2";
			};
			name = Debug;
		};
		5617802724D82D4E00814B65 /* Release */ = {
			isa = XCBuildConfiguration;
			buildSettings = {
				ASSETCATALOG_COMPILER_APPICON_NAME = AppIcon;
				CODE_SIGN_STYLE = Automatic;
				DEVELOPMENT_TEAM = 85Q2285229;
				FRAMEWORK_SEARCH_PATHS = (
					"$(inherited)",
					"$(PROJECT_DIR)",
				);
				INFOPLIST_FILE = Test/Info.plist;
				IPHONEOS_DEPLOYMENT_TARGET = 10.0;
				LD_RUNPATH_SEARCH_PATHS = (
					"$(inherited)",
					"@executable_path/Frameworks",
				);
				ONLY_ACTIVE_ARCH = NO;
				PRODUCT_BUNDLE_IDENTIFIER = FunPlus.Test;
				PRODUCT_NAME = "$(TARGET_NAME)";
				TARGETED_DEVICE_FAMILY = "1,2";
			};
			name = Release;
		};
		5617802924D82D4E00814B65 /* Debug */ = {
			isa = XCBuildConfiguration;
			buildSettings = {
				BUNDLE_LOADER = "$(TEST_HOST)";
				CODE_SIGN_STYLE = Automatic;
				DEVELOPMENT_TEAM = 85Q2285229;
				INFOPLIST_FILE = TestTests/Info.plist;
				IPHONEOS_DEPLOYMENT_TARGET = 10.0;
				LD_RUNPATH_SEARCH_PATHS = (
					"$(inherited)",
					"@executable_path/Frameworks",
					"@loader_path/Frameworks",
				);
				PRODUCT_BUNDLE_IDENTIFIER = FunPlus.TestTests;
				PRODUCT_NAME = "$(TARGET_NAME)";
				TARGETED_DEVICE_FAMILY = "1,2";
				TEST_HOST = "$(BUILT_PRODUCTS_DIR)/Test.app/Test";
			};
			name = Debug;
		};
		5617802A24D82D4E00814B65 /* Release */ = {
			isa = XCBuildConfiguration;
			buildSettings = {
				BUNDLE_LOADER = "$(TEST_HOST)";
				CODE_SIGN_STYLE = Automatic;
				DEVELOPMENT_TEAM = 85Q2285229;
				INFOPLIST_FILE = TestTests/Info.plist;
				IPHONEOS_DEPLOYMENT_TARGET = 10.0;
				LD_RUNPATH_SEARCH_PATHS = (
					"$(inherited)",
					"@executable_path/Frameworks",
					"@loader_path/Frameworks",
				);
				PRODUCT_BUNDLE_IDENTIFIER = FunPlus.TestTests;
				PRODUCT_NAME = "$(TARGET_NAME)";
				TARGETED_DEVICE_FAMILY = "1,2";
				TEST_HOST = "$(BUILT_PRODUCTS_DIR)/Test.app/Test";
			};
			name = Release;
		};
		5617802C24D82D4E00814B65 /* Debug */ = {
			isa = XCBuildConfiguration;
			buildSettings = {
				CODE_SIGN_STYLE = Automatic;
				DEVELOPMENT_TEAM = 85Q2285229;
				INFOPLIST_FILE = TestUITests/Info.plist;
				IPHONEOS_DEPLOYMENT_TARGET = 10.0;
				LD_RUNPATH_SEARCH_PATHS = (
					"$(inherited)",
					"@executable_path/Frameworks",
					"@loader_path/Frameworks",
				);
				PRODUCT_BUNDLE_IDENTIFIER = FunPlus.TestUITests;
				PRODUCT_NAME = "$(TARGET_NAME)";
				TARGETED_DEVICE_FAMILY = "1,2";
				TEST_TARGET_NAME = Test;
			};
			name = Debug;
		};
		5617802D24D82D4E00814B65 /* Release */ = {
			isa = XCBuildConfiguration;
			buildSettings = {
				CODE_SIGN_STYLE = Automatic;
				DEVELOPMENT_TEAM = 85Q2285229;
				INFOPLIST_FILE = TestUITests/Info.plist;
				IPHONEOS_DEPLOYMENT_TARGET = 10.0;
				LD_RUNPATH_SEARCH_PATHS = (
					"$(inherited)",
					"@executable_path/Frameworks",
					"@loader_path/Frameworks",
				);
				PRODUCT_BUNDLE_IDENTIFIER = FunPlus.TestUITests;
				PRODUCT_NAME = "$(TARGET_NAME)";
				TARGETED_DEVICE_FAMILY = "1,2";
				TEST_TARGET_NAME = Test;
			};
			name = Release;
		};
/* End XCBuildConfiguration section */

/* Begin XCConfigurationList section */
		56177FEE24D82D4C00814B65 /* Build configuration list for PBXProject "Test" */ = {
			isa = XCConfigurationList;
			buildConfigurations = (
				5617802324D82D4E00814B65 /* Debug */,
				5617802424D82D4E00814B65 /* Release */,
			);
			defaultConfigurationIsVisible = 0;
			defaultConfigurationName = Release;
		};
		5617802524D82D4E00814B65 /* Build configuration list for PBXNativeTarget "Test" */ = {
			isa = XCConfigurationList;
			buildConfigurations = (
				5617802624D82D4E00814B65 /* Debug */,
				5617802724D82D4E00814B65 /* Release */,
			);
			defaultConfigurationIsVisible = 0;
			defaultConfigurationName = Release;
		};
		5617802824D82D4E00814B65 /* Build configuration list for PBXNativeTarget "TestTests" */ = {
			isa = XCConfigurationList;
			buildConfigurations = (
				5617802924D82D4E00814B65 /* Debug */,
				5617802A24D82D4E00814B65 /* Release */,
			);
			defaultConfigurationIsVisible = 0;
			defaultConfigurationName = Release;
		};
		5617802B24D82D4E00814B65 /* Build configuration list for PBXNativeTarget "TestUITests" */ = {
			isa = XCConfigurationList;
			buildConfigurations = (
				5617802C24D82D4E00814B65 /* Debug */,
				5617802D24D82D4E00814B65 /* Release */,
			);
			defaultConfigurationIsVisible = 0;
			defaultConfigurationName = Release;
		};
/* End XCConfigurationList section */

/* Begin XCVersionGroup section */
		5617800224D82D4C00814B65 /* Test.xcdatamodeld */ = {
			isa = XCVersionGroup;
			children = (
				5617800324D82D4C00814B65 /* Test.xcdatamodel */,
			);
			currentVersion = 5617800324D82D4C00814B65 /* Test.xcdatamodel */;
			path = Test.xcdatamodeld;
			sourceTree = "<group>";
			versionGroupType = wrapper.xcdatamodel;
		};
/* End XCVersionGroup section */
	};
	rootObject = 56177FEB24D82D4C00814B65 /* Project object */;
}
